
Microsoft Visual Studio Solution File, Format Version 12.00
# Visual Studio Version 16
VisualStudioVersion = 16.0.31321.278
MinimumVisualStudioVersion = 10.0.40219.1
Project("{FAE04EC0-301F-11D3-BF4B-00C04F79EFBC}") = "ADDC.Integration.FinalizePayment.Schemas", "ADDC.Integration.FinalizePayment.Schemas\ADDC.Integration.FinalizePayment.Schemas.btproj", "{D140DE0C-BC0E-4295-823E-FA7F6C2D4BAB}"
EndProject
Project("{FAE04EC0-301F-11D3-BF4B-00C04F79EFBC}") = "ADDC.Integration.FinalizePayment.Maps", "ADDC.Integration.FinalizePayment.Maps\ADDC.Integration.FinalizePayment.Maps.btproj", "{A47D3A25-D5A7-4C4C-BF3D-7016E6526E22}"
EndProject
Project("{FAE04EC0-301F-11D3-BF4B-00C04F79EFBC}") = "ADDC.Integration.FinalizePayment.Orchestration", "ADDC.Integration.FinalizePayment.Orchestration\ADDC.Integration.FinalizePayment.Orchestration.btproj", "{B28598C6-5C41-4F23-8AEE-B53934A8CBE1}"
EndProject
Global
	GlobalSection(SolutionConfigurationPlatforms) = preSolution
		Debug|Any CPU = Debug|Any CPU
		Release|Any CPU = Release|Any CPU
	EndGlobalSection
	GlobalSection(ProjectConfigurationPlatforms) = postSolution
		{D140DE0C-BC0E-4295-823E-FA7F6C2D4BAB}.Debug|Any CPU.ActiveCfg = Debug|Any CPU
		{D140DE0C-BC0E-4295-823E-FA7F6C2D4BAB}.Debug|Any CPU.Build.0 = Debug|Any CPU
		{D140DE0C-BC0E-4295-823E-FA7F6C2D4BAB}.Debug|Any CPU.Deploy.0 = Debug|Any CPU
		{D140DE0C-BC0E-4295-823E-FA7F6C2D4BAB}.Release|Any CPU.ActiveCfg = Release|Any CPU
		{D140DE0C-BC0E-4295-823E-FA7F6C2D4BAB}.Release|Any CPU.Build.0 = Release|Any CPU
		{D140DE0C-BC0E-4295-823E-FA7F6C2D4BAB}.Release|Any CPU.Deploy.0 = Release|Any CPU
		{A47D3A25-D5A7-4C4C-BF3D-7016E6526E22}.Debug|Any CPU.ActiveCfg = Debug|Any CPU
		{A47D3A25-D5A7-4C4C-BF3D-7016E6526E22}.Debug|Any CPU.Build.0 = Debug|Any CPU
		{A47D3A25-D5A7-4C4C-BF3D-7016E6526E22}.Debug|Any CPU.Deploy.0 = Debug|Any CPU
		{A47D3A25-D5A7-4C4C-BF3D-7016E6526E22}.Release|Any CPU.ActiveCfg = Release|Any CPU
		{A47D3A25-D5A7-4C4C-BF3D-7016E6526E22}.Release|Any CPU.Build.0 = Release|Any CPU
		{A47D3A25-D5A7-4C4C-BF3D-7016E6526E22}.Release|Any CPU.Deploy.0 = Release|Any CPU
		{B28598C6-5C41-4F23-8AEE-B53934A8CBE1}.Debug|Any CPU.ActiveCfg = Debug|Any CPU
		{B28598C6-5C41-4F23-8AEE-B53934A8CBE1}.Debug|Any CPU.Build.0 = Debug|Any CPU
		{B28598C6-5C41-4F23-8AEE-B53934A8CBE1}.Debug|Any CPU.Deploy.0 = Debug|Any CPU
		{B28598C6-5C41-4F23-8AEE-B53934A8CBE1}.Release|Any CPU.ActiveCfg = Release|Any CPU
		{B28598C6-5C41-4F23-8AEE-B53934A8CBE1}.Release|Any CPU.Build.0 = Release|Any CPU
		{B28598C6-5C41-4F23-8AEE-B53934A8CBE1}.Release|Any CPU.Deploy.0 = Release|Any CPU
	EndGlobalSection
	GlobalSection(SolutionProperties) = preSolution
		HideSolutionNode = FALSE
	EndGlobalSection
	GlobalSection(ExtensibilityGlobals) = postSolution
		SolutionGuid = {FC5A97E8-7C9C-41F1-8101-F997B3A8019C}
	EndGlobalSection
EndGlobal
